# This file is automatically @generated by Cargo.
# It is not intended for manual editing.
version = 4

[[package]]
name = "firefly-rust"
version = "0.13.1"
source = "registry+https://github.com/rust-lang/crates.io-index"
checksum = "e2474c5bd54b8460a5200ccb3adeb254b092bc46e257ce038d28b925e82e9f66"

[[package]]
name = "firefly-ui"
version = "0.2.0"
dependencies = [
 "firefly-rust",
]
